
Microsoft Visual Studio Solution File, Format Version 12.00
# Visual Studio Version 17
VisualStudioVersion = 17.5.33530.505
MinimumVisualStudioVersion = 10.0.40219.1
Project("{9A19103F-16F7-4668-BE54-9A1E7A4F7556}") = "BlazorPeliculas.Server", "BlazorPeliculas\Server\BlazorPeliculas.Server.csproj", "{3F6B2B3F-91DC-448C-AFF1-7ED05EBCF4E2}"
EndProject
Project("{9A19103F-16F7-4668-BE54-9A1E7A4F7556}") = "BlazorPeliculas.Client", "BlazorPeliculas\Client\BlazorPeliculas.Client.csproj", "{65028693-DDA5-41A1-95A8-14AFA6FF117F}"
EndProject
Project("{9A19103F-16F7-4668-BE54-9A1E7A4F7556}") = "BlazorPeliculas.Shared", "BlazorPeliculas\Shared\BlazorPeliculas.Shared.csproj", "{4E2C2B03-A6C1-42E7-B3A3-882C108DAFD5}"
EndProject
Global
	GlobalSection(SolutionConfigurationPlatforms) = preSolution
		Debug|Any CPU = Debug|Any CPU
		Release|Any CPU = Release|Any CPU
	EndGlobalSection
	GlobalSection(ProjectConfigurationPlatforms) = postSolution
		{3F6B2B3F-91DC-448C-AFF1-7ED05EBCF4E2}.Debug|Any CPU.ActiveCfg = Debug|Any CPU
		{3F6B2B3F-91DC-448C-AFF1-7ED05EBCF4E2}.Debug|Any CPU.Build.0 = Debug|Any CPU
		{3F6B2B3F-91DC-448C-AFF1-7ED05EBCF4E2}.Release|Any CPU.ActiveCfg = Release|Any CPU
		{3F6B2B3F-91DC-448C-AFF1-7ED05EBCF4E2}.Release|Any CPU.Build.0 = Release|Any CPU
		{65028693-DDA5-41A1-95A8-14AFA6FF117F}.Debug|Any CPU.ActiveCfg = Debug|Any CPU
		{65028693-DDA5-41A1-95A8-14AFA6FF117F}.Debug|Any CPU.Build.0 = Debug|Any CPU
		{65028693-DDA5-41A1-95A8-14AFA6FF117F}.Release|Any CPU.ActiveCfg = Release|Any CPU
		{65028693-DDA5-41A1-95A8-14AFA6FF117F}.Release|Any CPU.Build.0 = Release|Any CPU
		{4E2C2B03-A6C1-42E7-B3A3-882C108DAFD5}.Debug|Any CPU.ActiveCfg = Debug|Any CPU
		{4E2C2B03-A6C1-42E7-B3A3-882C108DAFD5}.Debug|Any CPU.Build.0 = Debug|Any CPU
		{4E2C2B03-A6C1-42E7-B3A3-882C108DAFD5}.Release|Any CPU.ActiveCfg = Release|Any CPU
		{4E2C2B03-A6C1-42E7-B3A3-882C108DAFD5}.Release|Any CPU.Build.0 = Release|Any CPU
	EndGlobalSection
	GlobalSection(SolutionProperties) = preSolution
		HideSolutionNode = FALSE
	EndGlobalSection
	GlobalSection(ExtensibilityGlobals) = postSolution
		SolutionGuid = {2B032F04-4EA9-4811-A47A-05C4F3E865A1}
	EndGlobalSection
EndGlobal
